
Microsoft Visual Studio Solution File, Format Version 12.00
# Visual Studio Version 17
VisualStudioVersion = 17.5.33530.505
MinimumVisualStudioVersion = 10.0.40219.1
Project("{FAE04EC0-301F-11D3-BF4B-00C04F79EFBC}") = "AzureWebApp", "AzureWebApp\AzureWebApp.csproj", "{F5A9902D-89C0-4F79-A03A-13467B47FBEC}"
EndProject
Global
	GlobalSection(SolutionConfigurationPlatforms) = preSolution
		Debug|Any CPU = Debug|Any CPU
		Release|Any CPU = Release|Any CPU
	EndGlobalSection
	GlobalSection(ProjectConfigurationPlatforms) = postSolution
		{F5A9902D-89C0-4F79-A03A-13467B47FBEC}.Debug|Any CPU.ActiveCfg = Debug|Any CPU
		{F5A9902D-89C0-4F79-A03A-13467B47FBEC}.Debug|Any CPU.Build.0 = Debug|Any CPU
		{F5A9902D-89C0-4F79-A03A-13467B47FBEC}.Release|Any CPU.ActiveCfg = Release|Any CPU
		{F5A9902D-89C0-4F79-A03A-13467B47FBEC}.Release|Any CPU.Build.0 = Release|Any CPU
	EndGlobalSection
	GlobalSection(SolutionProperties) = preSolution
		HideSolutionNode = FALSE
	EndGlobalSection
	GlobalSection(ExtensibilityGlobals) = postSolution
		SolutionGuid = {11914AE8-3FDE-4B78-9643-A7D48BFA49EC}
	EndGlobalSection
EndGlobal
