
Microsoft Visual Studio Solution File, Format Version 12.00
# Visual Studio Version 17
VisualStudioVersion = 17.5.33530.505
MinimumVisualStudioVersion = 10.0.40219.1
Project("{2150E333-8FDC-42A3-9474-1A3956D46DE8}") = "Services", "Services", "{93CEE9A1-421D-49C5-8F8C-040A91BE1EA0}"
EndProject
Project("{2150E333-8FDC-42A3-9474-1A3956D46DE8}") = "Catalog", "Catalog", "{EB2C4235-A620-43DB-8533-AFDDBCAD39AF}"
EndProject
Project("{9A19103F-16F7-4668-BE54-9A1E7A4F7556}") = "Catalog.API", "Services\Catalog\Catalog.API\Catalog.API.csproj", "{9F29DB82-5C81-456C-9309-3CD3A21550FC}"
EndProject
Project("{E53339B2-1760-4266-BCC7-CA923CBCF16C}") = "docker-compose", "docker-compose.dcproj", "{28FEF324-3147-4E4D-936C-C58E227E09B0}"
EndProject
Project("{2150E333-8FDC-42A3-9474-1A3956D46DE8}") = "Basket", "Basket", "{7460136E-B3F6-4A4B-ADCB-EEB8D40610A2}"
EndProject
Project("{9A19103F-16F7-4668-BE54-9A1E7A4F7556}") = "Basket.API", "Services\Basket\Basket.API\Basket.API.csproj", "{0F7F9D48-117D-425A-BDC0-D1BBB7A990C3}"
EndProject
Project("{2150E333-8FDC-42A3-9474-1A3956D46DE8}") = "Discount", "Discount", "{19EBFEC4-7ADC-4C6F-996F-B11A2B7FAD84}"
EndProject
Project("{9A19103F-16F7-4668-BE54-9A1E7A4F7556}") = "Discount.Api", "Services\Discount\Discount.Api\Discount.Api.csproj", "{6006E6F1-5E7E-4177-8B97-DBFCF926069E}"
EndProject
Project("{9A19103F-16F7-4668-BE54-9A1E7A4F7556}") = "Discount.Grpc", "Services\Discount\Discount.Grpc\Discount.Grpc.csproj", "{4988930F-E5A7-4FDB-A51F-E581B696BF78}"
EndProject
Project("{2150E333-8FDC-42A3-9474-1A3956D46DE8}") = "Ordering", "Ordering", "{055A9F5B-C3F1-473B-A8CC-DB1B587D201A}"
EndProject
Project("{FAE04EC0-301F-11D3-BF4B-00C04F79EFBC}") = "Ordering.Api", "Services\Ordering\Ordering.Api\Ordering.Api.csproj", "{C8A83A89-6E17-4552-99BF-F87D713E9077}"
EndProject
Global
	GlobalSection(SolutionConfigurationPlatforms) = preSolution
		Debug|Any CPU = Debug|Any CPU
		Release|Any CPU = Release|Any CPU
	EndGlobalSection
	GlobalSection(ProjectConfigurationPlatforms) = postSolution
		{9F29DB82-5C81-456C-9309-3CD3A21550FC}.Debug|Any CPU.ActiveCfg = Debug|Any CPU
		{9F29DB82-5C81-456C-9309-3CD3A21550FC}.Debug|Any CPU.Build.0 = Debug|Any CPU
		{9F29DB82-5C81-456C-9309-3CD3A21550FC}.Release|Any CPU.ActiveCfg = Release|Any CPU
		{9F29DB82-5C81-456C-9309-3CD3A21550FC}.Release|Any CPU.Build.0 = Release|Any CPU
		{28FEF324-3147-4E4D-936C-C58E227E09B0}.Debug|Any CPU.ActiveCfg = Debug|Any CPU
		{28FEF324-3147-4E4D-936C-C58E227E09B0}.Debug|Any CPU.Build.0 = Debug|Any CPU
		{28FEF324-3147-4E4D-936C-C58E227E09B0}.Release|Any CPU.ActiveCfg = Release|Any CPU
		{28FEF324-3147-4E4D-936C-C58E227E09B0}.Release|Any CPU.Build.0 = Release|Any CPU
		{0F7F9D48-117D-425A-BDC0-D1BBB7A990C3}.Debug|Any CPU.ActiveCfg = Debug|Any CPU
		{0F7F9D48-117D-425A-BDC0-D1BBB7A990C3}.Debug|Any CPU.Build.0 = Debug|Any CPU
		{0F7F9D48-117D-425A-BDC0-D1BBB7A990C3}.Release|Any CPU.ActiveCfg = Release|Any CPU
		{0F7F9D48-117D-425A-BDC0-D1BBB7A990C3}.Release|Any CPU.Build.0 = Release|Any CPU
		{6006E6F1-5E7E-4177-8B97-DBFCF926069E}.Debug|Any CPU.ActiveCfg = Debug|Any CPU
		{6006E6F1-5E7E-4177-8B97-DBFCF926069E}.Debug|Any CPU.Build.0 = Debug|Any CPU
		{6006E6F1-5E7E-4177-8B97-DBFCF926069E}.Release|Any CPU.ActiveCfg = Release|Any CPU
		{6006E6F1-5E7E-4177-8B97-DBFCF926069E}.Release|Any CPU.Build.0 = Release|Any CPU
		{4988930F-E5A7-4FDB-A51F-E581B696BF78}.Debug|Any CPU.ActiveCfg = Debug|Any CPU
		{4988930F-E5A7-4FDB-A51F-E581B696BF78}.Debug|Any CPU.Build.0 = Debug|Any CPU
		{4988930F-E5A7-4FDB-A51F-E581B696BF78}.Release|Any CPU.ActiveCfg = Release|Any CPU
		{4988930F-E5A7-4FDB-A51F-E581B696BF78}.Release|Any CPU.Build.0 = Release|Any CPU
		{C8A83A89-6E17-4552-99BF-F87D713E9077}.Debug|Any CPU.ActiveCfg = Debug|Any CPU
		{C8A83A89-6E17-4552-99BF-F87D713E9077}.Debug|Any CPU.Build.0 = Debug|Any CPU
		{C8A83A89-6E17-4552-99BF-F87D713E9077}.Release|Any CPU.ActiveCfg = Release|Any CPU
		{C8A83A89-6E17-4552-99BF-F87D713E9077}.Release|Any CPU.Build.0 = Release|Any CPU
	EndGlobalSection
	GlobalSection(SolutionProperties) = preSolution
		HideSolutionNode = FALSE
	EndGlobalSection
	GlobalSection(NestedProjects) = preSolution
		{EB2C4235-A620-43DB-8533-AFDDBCAD39AF} = {93CEE9A1-421D-49C5-8F8C-040A91BE1EA0}
		{9F29DB82-5C81-456C-9309-3CD3A21550FC} = {EB2C4235-A620-43DB-8533-AFDDBCAD39AF}
		{7460136E-B3F6-4A4B-ADCB-EEB8D40610A2} = {93CEE9A1-421D-49C5-8F8C-040A91BE1EA0}
		{0F7F9D48-117D-425A-BDC0-D1BBB7A990C3} = {7460136E-B3F6-4A4B-ADCB-EEB8D40610A2}
		{19EBFEC4-7ADC-4C6F-996F-B11A2B7FAD84} = {93CEE9A1-421D-49C5-8F8C-040A91BE1EA0}
		{6006E6F1-5E7E-4177-8B97-DBFCF926069E} = {19EBFEC4-7ADC-4C6F-996F-B11A2B7FAD84}
		{4988930F-E5A7-4FDB-A51F-E581B696BF78} = {19EBFEC4-7ADC-4C6F-996F-B11A2B7FAD84}
		{055A9F5B-C3F1-473B-A8CC-DB1B587D201A} = {93CEE9A1-421D-49C5-8F8C-040A91BE1EA0}
		{C8A83A89-6E17-4552-99BF-F87D713E9077} = {055A9F5B-C3F1-473B-A8CC-DB1B587D201A}
	EndGlobalSection
	GlobalSection(ExtensibilityGlobals) = postSolution
		SolutionGuid = {E5D8F9A3-6258-4D28-B35F-129ABC45B655}
	EndGlobalSection
EndGlobal
